<?xml version="1.0" encoding="utf-8"?>
<Project ToolsVersion="4.0" xmlns="http://schemas.microsoft.com/developer/msbuild/2003">
  <ItemGroup>
    <Filter Include="RE">
      <UniqueIdentifier>{1C755900-0801-880B-71AF-880B5D5A880B}</UniqueIdentifier>
    </Filter>
    <Filter Include="RE\core">
      <UniqueIdentifier>{14B76550-8096-E4EB-89AE-6FC2F50C4B4D}</UniqueIdentifier>
    </Filter>
  </ItemGroup>
  <ItemGroup>
    <ClInclude Include="src\RE\Application.h">
      <Filter>RE</Filter>
    </ClInclude>
    <ClInclude Include="src\RE\EntryPoint.h">
      <Filter>RE</Filter>
    </ClInclude>
    <ClInclude Include="src\RE\Window.h">
      <Filter>RE</Filter>
    </ClInclude>
    <ClInclude Include="src\RE\core.h">
      <Filter>RE</Filter>
    </ClInclude>
    <ClInclude Include="src\RE\core\sfml_window.h">
      <Filter>RE\core</Filter>
    </ClInclude>
    <ClInclude Include="src\RaavanaEngine.h" />
    <ClInclude Include="src\RE\core\Event\Event.h" />
    <ClInclude Include="src\RE\core\Input\Input.h" />
    <ClInclude Include="src\RE\Math\RE_Vector2.h" />
    <ClInclude Include="src\RE\Logger\Log.h" />
  </ItemGroup>
  <ItemGroup>
    <ClCompile Include="src\RE\Application.cpp">
      <Filter>RE</Filter>
    </ClCompile>
    <ClCompile Include="src\RE\core\sfml_window.cpp">
      <Filter>RE\core</Filter>
    </ClCompile>
    <ClCompile Include="src\RE\core\Event\Event.cpp" />
    <ClCompile Include="src\RE\core\Input\Input.cpp" />
    <ClCompile Include="src\RE\Math\RE_Vector2.cpp" />
    <ClCompile Include="src\RE\Logger\Log.cpp" />
  </ItemGroup>
</Project>